
Microsoft Visual Studio Solution File, Format Version 12.00
# Visual Studio Version 16
VisualStudioVersion = 16.0.29306.81
MinimumVisualStudioVersion = 10.0.40219.1
Project("{FAE04EC0-301F-11D3-BF4B-00C04F79EFBC}") = "Zenith3", "Zenith3\Zenith3.csproj", "{612030D5-1E8C-4CB6-8A15-A86D6A149D8C}"
EndProject
Global
	GlobalSection(SolutionConfigurationPlatforms) = preSolution
		Debug|Any CPU = Debug|Any CPU
		Debug|x64 = Debug|x64
		Release|Any CPU = Release|Any CPU
		Release|x64 = Release|x64
	EndGlobalSection
	GlobalSection(ProjectConfigurationPlatforms) = postSolution
		{612030D5-1E8C-4CB6-8A15-A86D6A149D8C}.Debug|Any CPU.ActiveCfg = Debug|Any CPU
		{612030D5-1E8C-4CB6-8A15-A86D6A149D8C}.Debug|Any CPU.Build.0 = Debug|Any CPU
		{612030D5-1E8C-4CB6-8A15-A86D6A149D8C}.Debug|x64.ActiveCfg = Debug|x64
		{612030D5-1E8C-4CB6-8A15-A86D6A149D8C}.Debug|x64.Build.0 = Debug|x64
		{612030D5-1E8C-4CB6-8A15-A86D6A149D8C}.Release|Any CPU.ActiveCfg = Release|Any CPU
		{612030D5-1E8C-4CB6-8A15-A86D6A149D8C}.Release|Any CPU.Build.0 = Release|Any CPU
		{612030D5-1E8C-4CB6-8A15-A86D6A149D8C}.Release|x64.ActiveCfg = Release|x64
		{612030D5-1E8C-4CB6-8A15-A86D6A149D8C}.Release|x64.Build.0 = Release|x64
	EndGlobalSection
	GlobalSection(SolutionProperties) = preSolution
		HideSolutionNode = FALSE
	EndGlobalSection
	GlobalSection(ExtensibilityGlobals) = postSolution
		SolutionGuid = {46AE6AB6-2AC2-460A-B035-FCF44E8F01DA}
	EndGlobalSection
EndGlobal
